{
    "_meta": {
        "hash": {
            "sha256": "85c9784829bbcade1f5c5ddb8309df9e0c03b864aa4cf8d4cf9481a655116ccf"
        },
        "pipfile-spec": 6,
        "requires": {},
        "sources": [
            {
                "name": "pypi",
                "url": "https://pypi.org/simple",
                "verify_ssl": true
            }
        ]
    },
    "default": {
        "prometheus-client": {
            "hashes": [
                "sha256:357a447fd2359b0a1d2e9b311a0c5778c330cfbe186d880ad5a6b39884652316",
                "sha256:ada41b891b79fca5638bd5cfe149efa86512eaa55987893becd2c6d8d0a5dfc5"
            ],
            "index": "pypi",
            "version": "==0.13.1"
        }
    },
    "develop": {
        "altgraph": {
            "hashes": [
                "sha256:743628f2ac6a7c26f5d9223c91ed8ecbba535f506f4b6f558885a8a56a105857",
                "sha256:ebf2269361b47d97b3b88e696439f6e4cbc607c17c51feb1754f90fb79839158"
            ],
            "version": "==0.17.2"
        },
        "pyinstaller": {
            "hashes": [
                "sha256:24035eb9fffa2e3e288b4c1c9710043819efc7203cae5c8c573bec16f4a8e98f",
                "sha256:59372b950d176fdc5ecea29719a8ab3f194b73a15b7f9875ac2a1de9a3daf5ed",
                "sha256:62c97cbbdbee30974d607eb1de9afb081eb3adba787c203b00438e21027b829b",
                "sha256:75a180a658871bc41f9cf94b6f90ffa54e98f5d6a7cdb02d7530f0360afe24f9",
                "sha256:7f46ab11ec986e4c525b93251063144e12d432a132dbc0070e3030e34c76537a",
                "sha256:a0b988cfc197d40e3d773b3aa1c7d3e918fc0933b4c15ec3fc5d156f222d82cb",
                "sha256:b5f1a94150315ea75bf3501be6c8476d65a7209580bb662da06dbdbc4454f375",
                "sha256:bec57b3b2b6178907255557ec0fc4b5ce5a0474013414cdadea853205c74ed26",
                "sha256:e2f165cea4470ce8a8349112cd78f48a61413805adc17792a91997a11cfe1d80",
                "sha256:ebeb87cdbadb2b4e8f991ffd9945ebd4fb3a7303180e63682c3e1ce01b3fdd22",
                "sha256:ec3ca331d565ffca1b6470c5aaf798885a03708c3d0b15c1b19009126f84c1d4"
            ],
            "index": "pypi",
            "version": "==4.9"
        },
        "pyinstaller-hooks-contrib": {
            "hashes": [
                "sha256:7605e440ccb55904cb2a87d72e83642ef176fb7030c77e52ac4d9679bb3d1537",
                "sha256:ab1d14fe053016fff7b0c6aea51d980bac6d02114b04063b46ef7dac70c70e1e"
            ],
            "markers": "python_version >= '3.7'",
            "version": "==2022.2"
        },
        "setuptools": {
            "hashes": [
                "sha256:2347b2b432c891a863acadca2da9ac101eae6169b1d3dfee2ec605ecd50dbfe5",
                "sha256:e4f30b9f84e5ab3decf945113119649fec09c1fc3507c6ebffec75646c56e62b"
            ],
            "markers": "python_version >= '3.7'",
            "version": "==60.9.3"
        }
    }
}
